
Microsoft Visual Studio Solution File, Format Version 12.00
# Visual Studio 2012
Project("{FAE04EC0-301F-11D3-BF4B-00C04F79EFBC}") = "PathFindingProject", "PathFindingProject\PathFindingProject.csproj", "{79838A01-7100-466A-9B4D-F4D95B2EEBC1}"
EndProject
Project("{2150E333-8FDC-42A3-9474-1A3956D46DE8}") = ".nuget", ".nuget", "{EF936A46-07CD-416A-81B7-8B235E14CE86}"
	ProjectSection(SolutionItems) = preProject
		.nuget\NuGet.Config = .nuget\NuGet.Config
		.nuget\NuGet.exe = .nuget\NuGet.exe
		.nuget\NuGet.targets = .nuget\NuGet.targets
		.nuget\packages.config = .nuget\packages.config
	EndProjectSection
EndProject
Global
	GlobalSection(SolutionConfigurationPlatforms) = preSolution
		Debug|Any CPU = Debug|Any CPU
		Release|Any CPU = Release|Any CPU
	EndGlobalSection
	GlobalSection(ProjectConfigurationPlatforms) = postSolution
		{79838A01-7100-466A-9B4D-F4D95B2EEBC1}.Debug|Any CPU.ActiveCfg = Debug|Any CPU
		{79838A01-7100-466A-9B4D-F4D95B2EEBC1}.Debug|Any CPU.Build.0 = Debug|Any CPU
		{79838A01-7100-466A-9B4D-F4D95B2EEBC1}.Release|Any CPU.ActiveCfg = Release|Any CPU
		{79838A01-7100-466A-9B4D-F4D95B2EEBC1}.Release|Any CPU.Build.0 = Release|Any CPU
	EndGlobalSection
	GlobalSection(SolutionProperties) = preSolution
		HideSolutionNode = FALSE
	EndGlobalSection
EndGlobal
